
Microsoft Visual Studio Solution File, Format Version 12.00
# Visual Studio 15
VisualStudioVersion = 15.0.28307.539
MinimumVisualStudioVersion = 10.0.40219.1
Project("{FAE04EC0-301F-11D3-BF4B-00C04F79EFBC}") = "DMM", "DMM\DMM.csproj", "{B9D526F8-5FDE-40B0-AF6E-7ADC8563D827}"
EndProject
Global
	GlobalSection(SolutionConfigurationPlatforms) = preSolution
		Debug|Any CPU = Debug|Any CPU
		Release|Any CPU = Release|Any CPU
	EndGlobalSection
	GlobalSection(ProjectConfigurationPlatforms) = postSolution
		{B9D526F8-5FDE-40B0-AF6E-7ADC8563D827}.Debug|Any CPU.ActiveCfg = Debug|Any CPU
		{B9D526F8-5FDE-40B0-AF6E-7ADC8563D827}.Debug|Any CPU.Build.0 = Debug|Any CPU
		{B9D526F8-5FDE-40B0-AF6E-7ADC8563D827}.Release|Any CPU.ActiveCfg = Release|Any CPU
		{B9D526F8-5FDE-40B0-AF6E-7ADC8563D827}.Release|Any CPU.Build.0 = Release|Any CPU
	EndGlobalSection
	GlobalSection(SolutionProperties) = preSolution
		HideSolutionNode = FALSE
	EndGlobalSection
	GlobalSection(ExtensibilityGlobals) = postSolution
		SolutionGuid = {4CD98988-71F7-4ACC-9623-38C28E26CACE}
	EndGlobalSection
EndGlobal
