
Microsoft Visual Studio Solution File, Format Version 12.00
# Visual Studio 15
VisualStudioVersion = 15.0.28307.539
MinimumVisualStudioVersion = 10.0.40219.1
Project("{FAE04EC0-301F-11D3-BF4B-00C04F79EFBC}") = "MySerial", "MySerial\MySerial.csproj", "{A904C0D4-41C0-4C20-80BE-9EEDA4F2BC72}"
EndProject
Global
	GlobalSection(SolutionConfigurationPlatforms) = preSolution
		Debug|Any CPU = Debug|Any CPU
		Release|Any CPU = Release|Any CPU
	EndGlobalSection
	GlobalSection(ProjectConfigurationPlatforms) = postSolution
		{A904C0D4-41C0-4C20-80BE-9EEDA4F2BC72}.Debug|Any CPU.ActiveCfg = Debug|Any CPU
		{A904C0D4-41C0-4C20-80BE-9EEDA4F2BC72}.Debug|Any CPU.Build.0 = Debug|Any CPU
		{A904C0D4-41C0-4C20-80BE-9EEDA4F2BC72}.Release|Any CPU.ActiveCfg = Release|Any CPU
		{A904C0D4-41C0-4C20-80BE-9EEDA4F2BC72}.Release|Any CPU.Build.0 = Release|Any CPU
	EndGlobalSection
	GlobalSection(SolutionProperties) = preSolution
		HideSolutionNode = FALSE
	EndGlobalSection
	GlobalSection(ExtensibilityGlobals) = postSolution
		SolutionGuid = {46D9ECEE-32C6-4B7A-A7B7-426F2E2F2890}
	EndGlobalSection
EndGlobal
