
Microsoft Visual Studio Solution File, Format Version 12.00
# Visual Studio 15
VisualStudioVersion = 15.0.28307.539
MinimumVisualStudioVersion = 10.0.40219.1
Project("{FAE04EC0-301F-11D3-BF4B-00C04F79EFBC}") = "MySocket", "MySocket\MySocket.csproj", "{AAAB015D-0972-422D-83FC-A9C721537EDB}"
EndProject
Global
	GlobalSection(SolutionConfigurationPlatforms) = preSolution
		Debug|Any CPU = Debug|Any CPU
		Release|Any CPU = Release|Any CPU
	EndGlobalSection
	GlobalSection(ProjectConfigurationPlatforms) = postSolution
		{AAAB015D-0972-422D-83FC-A9C721537EDB}.Debug|Any CPU.ActiveCfg = Debug|Any CPU
		{AAAB015D-0972-422D-83FC-A9C721537EDB}.Debug|Any CPU.Build.0 = Debug|Any CPU
		{AAAB015D-0972-422D-83FC-A9C721537EDB}.Release|Any CPU.ActiveCfg = Release|Any CPU
		{AAAB015D-0972-422D-83FC-A9C721537EDB}.Release|Any CPU.Build.0 = Release|Any CPU
	EndGlobalSection
	GlobalSection(SolutionProperties) = preSolution
		HideSolutionNode = FALSE
	EndGlobalSection
	GlobalSection(ExtensibilityGlobals) = postSolution
		SolutionGuid = {924B66A3-BA5C-44D9-A8BA-D5D7C8084778}
	EndGlobalSection
EndGlobal
