
Microsoft Visual Studio Solution File, Format Version 12.00
# Visual Studio 15
VisualStudioVersion = 15.0.28307.539
MinimumVisualStudioVersion = 10.0.40219.1
Project("{FAE04EC0-301F-11D3-BF4B-00C04F79EFBC}") = "testModule_DLL", "testModule_DLL\testModule_DLL.csproj", "{2C19FDE9-D58B-438A-B88E-B3AF496B1B79}"
EndProject
Global
	GlobalSection(SolutionConfigurationPlatforms) = preSolution
		Debug|Any CPU = Debug|Any CPU
		Release|Any CPU = Release|Any CPU
	EndGlobalSection
	GlobalSection(ProjectConfigurationPlatforms) = postSolution
		{2C19FDE9-D58B-438A-B88E-B3AF496B1B79}.Debug|Any CPU.ActiveCfg = Debug|Any CPU
		{2C19FDE9-D58B-438A-B88E-B3AF496B1B79}.Debug|Any CPU.Build.0 = Debug|Any CPU
		{2C19FDE9-D58B-438A-B88E-B3AF496B1B79}.Release|Any CPU.ActiveCfg = Release|Any CPU
		{2C19FDE9-D58B-438A-B88E-B3AF496B1B79}.Release|Any CPU.Build.0 = Release|Any CPU
	EndGlobalSection
	GlobalSection(SolutionProperties) = preSolution
		HideSolutionNode = FALSE
	EndGlobalSection
	GlobalSection(ExtensibilityGlobals) = postSolution
		SolutionGuid = {FA3B2CC7-D61D-4992-BC52-34D66385918F}
	EndGlobalSection
EndGlobal
