
Microsoft Visual Studio Solution File, Format Version 12.00
# Visual Studio 15
VisualStudioVersion = 15.0.28307.539
MinimumVisualStudioVersion = 10.0.40219.1
Project("{FAE04EC0-301F-11D3-BF4B-00C04F79EFBC}") = "testMyDLL", "testMyDLL\testMyDLL.csproj", "{215C78B5-40E0-47DF-B11C-6C46F57294C3}"
EndProject
Global
	GlobalSection(SolutionConfigurationPlatforms) = preSolution
		Debug|Any CPU = Debug|Any CPU
		Release|Any CPU = Release|Any CPU
	EndGlobalSection
	GlobalSection(ProjectConfigurationPlatforms) = postSolution
		{215C78B5-40E0-47DF-B11C-6C46F57294C3}.Debug|Any CPU.ActiveCfg = Debug|Any CPU
		{215C78B5-40E0-47DF-B11C-6C46F57294C3}.Debug|Any CPU.Build.0 = Debug|Any CPU
		{215C78B5-40E0-47DF-B11C-6C46F57294C3}.Release|Any CPU.ActiveCfg = Release|Any CPU
		{215C78B5-40E0-47DF-B11C-6C46F57294C3}.Release|Any CPU.Build.0 = Release|Any CPU
	EndGlobalSection
	GlobalSection(SolutionProperties) = preSolution
		HideSolutionNode = FALSE
	EndGlobalSection
	GlobalSection(ExtensibilityGlobals) = postSolution
		SolutionGuid = {D029D0E1-1158-41D1-95E7-3C1618A91686}
	EndGlobalSection
EndGlobal
